{
  "requires": true,
  "lockfileVersion": 1,
  "dependencies": {
    "svg-pan-zoom": {
      "version": "3.6.1",
      "resolved": "https://registry.npmjs.org/svg-pan-zoom/-/svg-pan-zoom-3.6.1.tgz",
      "integrity": "sha512-JaKkGHHfGvRrcMPdJWkssLBeWqM+Isg/a09H7kgNNajT1cX5AztDTNs+C8UzpCxjCTRrG34WbquwaovZbmSk9g=="
    },
    "svgmap": {
      "version": "2.7.1",
      "resolved": "https://registry.npmjs.org/svgmap/-/svgmap-2.7.1.tgz",
      "integrity": "sha512-wyhG+gwlU9+CgCC5e2XetM760qwKoS0Nzv5i5shZDb0LXiv5vDEjcGNmDgwiExUWYYDMojbNbQsPO5uLDjE2Nw==",
      "requires": {
        "svg-pan-zoom": "^3.6.1"
      }
    }
  }
}
